
Microsoft Visual Studio Solution File, Format Version 12.00
# Visual Studio Version 17
VisualStudioVersion = 17.5.33516.290
MinimumVisualStudioVersion = 10.0.40219.1
Project("{FAE04EC0-301F-11D3-BF4B-00C04F79EFBC}") = "DataStructureProject2", "DataStructureProject2\DataStructureProject2.csproj", "{C0810E39-6D11-4D5D-9427-6CC2CDE35541}"
EndProject
Global
	GlobalSection(SolutionConfigurationPlatforms) = preSolution
		Debug|Any CPU = Debug|Any CPU
		Release|Any CPU = Release|Any CPU
	EndGlobalSection
	GlobalSection(ProjectConfigurationPlatforms) = postSolution
		{C0810E39-6D11-4D5D-9427-6CC2CDE35541}.Debug|Any CPU.ActiveCfg = Debug|Any CPU
		{C0810E39-6D11-4D5D-9427-6CC2CDE35541}.Debug|Any CPU.Build.0 = Debug|Any CPU
		{C0810E39-6D11-4D5D-9427-6CC2CDE35541}.Release|Any CPU.ActiveCfg = Release|Any CPU
		{C0810E39-6D11-4D5D-9427-6CC2CDE35541}.Release|Any CPU.Build.0 = Release|Any CPU
	EndGlobalSection
	GlobalSection(SolutionProperties) = preSolution
		HideSolutionNode = FALSE
	EndGlobalSection
	GlobalSection(ExtensibilityGlobals) = postSolution
		SolutionGuid = {9ADFC23B-EA6E-4A3D-83AB-0E1E31FA15D3}
	EndGlobalSection
EndGlobal
